<?xml version="1.0" encoding="utf-8"?>
<Project ToolsVersion="4.0" xmlns="http://schemas.microsoft.com/developer/msbuild/2003">
  <ItemGroup>
    <ClCompile Include="multSch.cpp" />
    <ClCompile Include="stdafx.cpp" />
    <ClCompile Include="test.cpp" />
    <ClCompile Include="threadpool.cpp" />
    <ClCompile Include="UnitTests.cpp" />
    <ClCompile Include="vector.cpp" />
    <ClCompile Include="AProcs.cpp">
      <Filter>framework</Filter>
    </ClCompile>
    <ClCompile Include="ArrFunctions.cpp">
      <Filter>framework</Filter>
    </ClCompile>
    <ClCompile Include="IOFile.cpp">
      <Filter>framework</Filter>
    </ClCompile>
    <ClCompile Include="IProcs.cpp">
      <Filter>framework</Filter>
    </ClCompile>
    <ClCompile Include="Jobs.cpp">
      <Filter>framework</Filter>
    </ClCompile>
    <ClCompile Include="log.cpp">
      <Filter>framework</Filter>
    </ClCompile>
    <ClCompile Include="ObjectStack.cpp">
      <Filter>framework</Filter>
    </ClCompile>
    <ClCompile Include="processor.cpp">
      <Filter>framework</Filter>
    </ClCompile>
    <ClCompile Include="Procs.cpp">
      <Filter>framework</Filter>
    </ClCompile>
    <ClCompile Include="Schedule.cpp">
      <Filter>framework</Filter>
    </ClCompile>
    <ClCompile Include="Stack.cpp">
      <Filter>framework</Filter>
    </ClCompile>
    <ClCompile Include="Statistics.cpp">
      <Filter>framework</Filter>
    </ClCompile>
    <ClCompile Include="Task.cpp">
      <Filter>framework</Filter>
    </ClCompile>
    <ClCompile Include="Tree.cpp">
      <Filter>framework</Filter>
    </ClCompile>
    <ClCompile Include="AMethod.cpp">
      <Filter>framework\method</Filter>
    </ClCompile>
    <ClCompile Include="Ant.cpp">
      <Filter>framework\method</Filter>
    </ClCompile>
    <ClCompile Include="BB.cpp">
      <Filter>framework\method</Filter>
    </ClCompile>
    <ClCompile Include="BBreal.cpp">
      <Filter>framework\method</Filter>
    </ClCompile>
    <ClCompile Include="FastMS.cpp">
      <Filter>framework\method</Filter>
    </ClCompile>
    <ClCompile Include="FrontAlg.cpp">
      <Filter>framework\method</Filter>
    </ClCompile>
    <ClCompile Include="IMethod.cpp">
      <Filter>framework\method</Filter>
    </ClCompile>
    <ClCompile Include="MTBB.cpp">
      <Filter>framework\method</Filter>
    </ClCompile>
    <ClCompile Include="MultiSearch.cpp">
      <Filter>framework\method</Filter>
    </ClCompile>
    <ClCompile Include="NextMT.cpp">
      <Filter>framework\method</Filter>
    </ClCompile>
    <ClCompile Include="StatMethod.cpp">
      <Filter>framework\method</Filter>
    </ClCompile>
    <ClCompile Include="MarkMethod.cpp">
      <Filter>framework\method</Filter>
    </ClCompile>
    <ClCompile Include="BBMarks.cpp">
      <Filter>framework\marks</Filter>
    </ClCompile>
    <ClCompile Include="ErrorMarks.cpp">
      <Filter>framework\marks</Filter>
    </ClCompile>
    <ClCompile Include="Mark.cpp">
      <Filter>framework\marks</Filter>
    </ClCompile>
    <ClCompile Include="Marks.cpp">
      <Filter>framework\marks</Filter>
    </ClCompile>
    <ClCompile Include="MaxMaxFront.cpp">
      <Filter>framework\marks</Filter>
    </ClCompile>
    <ClCompile Include="MaxMinFront.cpp">
      <Filter>framework\marks</Filter>
    </ClCompile>
    <ClCompile Include="MinMingozzi.cpp">
      <Filter>framework\marks</Filter>
    </ClCompile>
    <ClCompile Include="MinMoz.cpp">
      <Filter>framework\marks</Filter>
    </ClCompile>
    <ClCompile Include="MozMarks.cpp">
      <Filter>framework\marks</Filter>
    </ClCompile>
    <ClCompile Include="MinSimple.cpp">
      <Filter>framework\marks</Filter>
    </ClCompile>
    <ClCompile Include="StatMarks.cpp">
      <Filter>framework\marks</Filter>
    </ClCompile>
    <ClCompile Include="MarkFactory.cpp">
      <Filter>framework\marks</Filter>
    </ClCompile>
    <ClCompile Include="SortOut.cpp">
      <Filter>framework\method</Filter>
    </ClCompile>
    <ClCompile Include="transport.cpp">
      <Filter>framework</Filter>
    </ClCompile>
    <ClCompile Include="IFModule.cpp">
      <Filter>framework\front_module</Filter>
    </ClCompile>
    <ClCompile Include="MaxModule.cpp">
      <Filter>framework\front_module</Filter>
    </ClCompile>
    <ClCompile Include="FModuleFactory.cpp">
      <Filter>framework\front_module</Filter>
    </ClCompile>
    <ClCompile Include="MinModule.cpp">
      <Filter>framework\front_module</Filter>
    </ClCompile>
    <ClCompile Include="BackModule.cpp">
      <Filter>framework\front_module</Filter>
    </ClCompile>
  </ItemGroup>
  <ItemGroup>
    <ClInclude Include="stdafx.h" />
    <ClInclude Include="targetver.h" />
  </ItemGroup>
  <ItemGroup>
    <Text Include="data2.txt" />
    <Text Include="data3.txt" />
    <Text Include="data4.txt" />
    <Text Include="ReadMe.txt" />
    <Text Include="data1.txt" />
  </ItemGroup>
  <ItemGroup>
    <Filter Include="framework">
      <UniqueIdentifier>{bbc947e4-484e-4781-af1d-a4250b08a9b2}</UniqueIdentifier>
    </Filter>
    <Filter Include="framework\method">
      <UniqueIdentifier>{831dc924-c10d-4eb5-a921-6d8fc7c75bee}</UniqueIdentifier>
    </Filter>
    <Filter Include="framework\marks">
      <UniqueIdentifier>{04bb05a8-9173-4c46-b984-44786f76480f}</UniqueIdentifier>
    </Filter>
    <Filter Include="framework\front_module">
      <UniqueIdentifier>{78e5739b-70ad-4399-8041-3729059f5386}</UniqueIdentifier>
    </Filter>
  </ItemGroup>
</Project>