<?xml version="1.0" encoding="utf-8"?>
<Project ToolsVersion="4.0" xmlns="http://schemas.microsoft.com/developer/msbuild/2003">
  <ItemGroup>
    <ClCompile Include="multSch.cpp" />
    <ClCompile Include="vector.cpp" />
    <ClCompile Include="ArrFunctions.cpp">
      <Filter>framework</Filter>
    </ClCompile>
    <ClCompile Include="IOFile.cpp">
      <Filter>framework</Filter>
    </ClCompile>
    <ClCompile Include="IProcs.cpp">
      <Filter>framework</Filter>
    </ClCompile>
    <ClCompile Include="Jobs.cpp">
      <Filter>framework</Filter>
    </ClCompile>
    <ClCompile Include="ObjectStack.cpp">
      <Filter>framework</Filter>
    </ClCompile>
    <ClCompile Include="processor.cpp">
      <Filter>framework</Filter>
    </ClCompile>
    <ClCompile Include="Procs.cpp">
      <Filter>framework</Filter>
    </ClCompile>
    <ClCompile Include="Stack.cpp">
      <Filter>framework</Filter>
    </ClCompile>
    <ClCompile Include="Task.cpp">
      <Filter>framework</Filter>
    </ClCompile>
    <ClCompile Include="AMethod.cpp">
      <Filter>framework\method</Filter>
    </ClCompile>
    <ClCompile Include="IMethod.cpp">
      <Filter>framework\method</Filter>
    </ClCompile>
    <ClCompile Include="SortOut.cpp">
      <Filter>framework\method</Filter>
    </ClCompile>
    <ClCompile Include="Solution.cpp" />
    <ClCompile Include="MethodSet.cpp">
      <Filter>framework</Filter>
    </ClCompile>
    <ClCompile Include="Generator.cpp" />
    <ClCompile Include="MarkMethod.cpp" />
    <ClCompile Include="Mark.cpp" />
    <ClCompile Include="AbBound.cpp" />
    <ClCompile Include="test.cpp" />
    <ClCompile Include="BBreal.cpp" />
    <ClCompile Include="MTBB.cpp" />
    <ClCompile Include="MarkFactory.cpp" />
    <ClCompile Include="Module.cpp" />
    <ClCompile Include="MaxModule.cpp" />
    <ClCompile Include="MinModule.cpp" />
    <ClCompile Include="BackModule.cpp" />
  </ItemGroup>
  <ItemGroup>
    <ClInclude Include="targetver.h" />
  </ItemGroup>
  <ItemGroup>
    <Text Include="data2.txt" />
    <Text Include="data3.txt" />
    <Text Include="data4.txt" />
    <Text Include="ReadMe.txt" />
    <Text Include="data1.txt" />
  </ItemGroup>
  <ItemGroup>
    <Filter Include="framework">
      <UniqueIdentifier>{bbc947e4-484e-4781-af1d-a4250b08a9b2}</UniqueIdentifier>
    </Filter>
    <Filter Include="framework\method">
      <UniqueIdentifier>{831dc924-c10d-4eb5-a921-6d8fc7c75bee}</UniqueIdentifier>
    </Filter>
    <Filter Include="framework\marks">
      <UniqueIdentifier>{04bb05a8-9173-4c46-b984-44786f76480f}</UniqueIdentifier>
    </Filter>
    <Filter Include="framework\front_module">
      <UniqueIdentifier>{78e5739b-70ad-4399-8041-3729059f5386}</UniqueIdentifier>
    </Filter>
  </ItemGroup>
</Project>